
Microsoft Visual Studio Solution File, Format Version 12.00
# Visual Studio Version 16
VisualStudioVersion = 16.0.31112.23
MinimumVisualStudioVersion = 10.0.40219.1
Project("{FAE04EC0-301F-11D3-BF4B-00C04F79EFBC}") = "PlayWave", "PlayWave\PlayWave.csproj", "{85A95367-47FE-4543-BD9E-0E1ABB4B6D4E}"
EndProject
Global
	GlobalSection(SolutionConfigurationPlatforms) = preSolution
		Debug|Any CPU = Debug|Any CPU
		Release|Any CPU = Release|Any CPU
	EndGlobalSection
	GlobalSection(ProjectConfigurationPlatforms) = postSolution
		{85A95367-47FE-4543-BD9E-0E1ABB4B6D4E}.Debug|Any CPU.ActiveCfg = Debug|Any CPU
		{85A95367-47FE-4543-BD9E-0E1ABB4B6D4E}.Debug|Any CPU.Build.0 = Debug|Any CPU
		{85A95367-47FE-4543-BD9E-0E1ABB4B6D4E}.Release|Any CPU.ActiveCfg = Release|Any CPU
		{85A95367-47FE-4543-BD9E-0E1ABB4B6D4E}.Release|Any CPU.Build.0 = Release|Any CPU
	EndGlobalSection
	GlobalSection(SolutionProperties) = preSolution
		HideSolutionNode = FALSE
	EndGlobalSection
	GlobalSection(ExtensibilityGlobals) = postSolution
		SolutionGuid = {04887CB7-0DE2-4BC2-8685-6FC92012B467}
	EndGlobalSection
EndGlobal
